
Microsoft Visual Studio Solution File, Format Version 12.00
# Visual Studio 15
VisualStudioVersion = 15.0.27703.2042
MinimumVisualStudioVersion = 10.0.40219.1
Project("{FAE04EC0-301F-11D3-BF4B-00C04F79EFBC}") = "MyDiary", "MyDiary\MyDiary.csproj", "{625A6054-CF41-42B6-BEB8-74F81E76C1B5}"
EndProject
Global
	GlobalSection(SolutionConfigurationPlatforms) = preSolution
		Debug|Any CPU = Debug|Any CPU
		Release|Any CPU = Release|Any CPU
	EndGlobalSection
	GlobalSection(ProjectConfigurationPlatforms) = postSolution
		{625A6054-CF41-42B6-BEB8-74F81E76C1B5}.Debug|Any CPU.ActiveCfg = Debug|Any CPU
		{625A6054-CF41-42B6-BEB8-74F81E76C1B5}.Debug|Any CPU.Build.0 = Debug|Any CPU
		{625A6054-CF41-42B6-BEB8-74F81E76C1B5}.Release|Any CPU.ActiveCfg = Release|Any CPU
		{625A6054-CF41-42B6-BEB8-74F81E76C1B5}.Release|Any CPU.Build.0 = Release|Any CPU
	EndGlobalSection
	GlobalSection(SolutionProperties) = preSolution
		HideSolutionNode = FALSE
	EndGlobalSection
	GlobalSection(ExtensibilityGlobals) = postSolution
		SolutionGuid = {088DA199-170F-450B-A8F2-5D6BCEC832F0}
	EndGlobalSection
EndGlobal
